// !$*UTF8*$!
{
	archiveVersion = 1;
	classes = {
	};
	objectVersion = 50;
	objects = {

/* Begin PBXBuildFile section */
		2110318F218EABE500CB99FF /* Note.swift in Sources */ = {isa = PBXBuildFile; fileRef = 2110318E218EABE500CB99FF /* Note.swift */; };
		2159AC4021CEE17800C5B564 /* String.swift in Sources */ = {isa = PBXBuildFile; fileRef = 2159AC3F21CEE17800C5B564 /* String.swift */; };
		2159AC4321CEE53200C5B564 /* GoogleService-Info.plist in Resources */ = {isa = PBXBuildFile; fileRef = 2159AC4221CEE53200C5B564 /* GoogleService-Info.plist */; };
		2159AC4B21D08AED00C5B564 /* LogInViewController.swift in Sources */ = {isa = PBXBuildFile; fileRef = 2159AC4A21D08AED00C5B564 /* LogInViewController.swift */; };
		2159AC4D21D0B47B00C5B564 /* FinishedSetupViewController.swift in Sources */ = {isa = PBXBuildFile; fileRef = 2159AC4C21D0B47B00C5B564 /* FinishedSetupViewController.swift */; };
		2159AC4F21D1B38700C5B564 /* DataService.swift in Sources */ = {isa = PBXBuildFile; fileRef = 2159AC4E21D1B38700C5B564 /* DataService.swift */; };
		2159AC5121DD6F0100C5B564 /* AuthService.swift in Sources */ = {isa = PBXBuildFile; fileRef = 2159AC5021DD6F0100C5B564 /* AuthService.swift */; };
		2159AC5321DDB6DD00C5B564 /* LogOutViewController.swift in Sources */ = {isa = PBXBuildFile; fileRef = 2159AC5221DDB6DD00C5B564 /* LogOutViewController.swift */; };
		2159AC5521DF4EE100C5B564 /* UIImage.swift in Sources */ = {isa = PBXBuildFile; fileRef = 2159AC5421DF4EE100C5B564 /* UIImage.swift */; };
		2159AC5721E6B5B700C5B564 /* Double.swift in Sources */ = {isa = PBXBuildFile; fileRef = 2159AC5621E6B5B700C5B564 /* Double.swift */; };
		2167EC6C222A554300B79DFE /* ProfileViewControllerTableViewCell.swift in Sources */ = {isa = PBXBuildFile; fileRef = 2167EC6B222A554300B79DFE /* ProfileViewControllerTableViewCell.swift */; };
		21789ACC21C105C4005355A1 /* textField.swift in Sources */ = {isa = PBXBuildFile; fileRef = 21789ACB21C105C4005355A1 /* textField.swift */; };
		21789AD021C11188005355A1 /* NewNoteViewController.swift in Sources */ = {isa = PBXBuildFile; fileRef = 21789ACF21C11188005355A1 /* NewNoteViewController.swift */; };
		21789AD721C23B8E005355A1 /* NoteAnnotation.swift in Sources */ = {isa = PBXBuildFile; fileRef = 21789AD621C23B8E005355A1 /* NoteAnnotation.swift */; };
		21789AD921C23EE6005355A1 /* NoteAnnotationView.swift in Sources */ = {isa = PBXBuildFile; fileRef = 21789AD821C23EE6005355A1 /* NoteAnnotationView.swift */; };
		21789ADB21C3170F005355A1 /* NoteDetailMapView.xib in Resources */ = {isa = PBXBuildFile; fileRef = 21789ADA21C3170F005355A1 /* NoteDetailMapView.xib */; };
		21789ADD21C3177E005355A1 /* NoteDetailMapView.swift in Sources */ = {isa = PBXBuildFile; fileRef = 21789ADC21C3177E005355A1 /* NoteDetailMapView.swift */; };
		218481BB222A65D100C22ED0 /* FavoritesTableViewCell.swift in Sources */ = {isa = PBXBuildFile; fileRef = 218481BA222A65D100C22ED0 /* FavoritesTableViewCell.swift */; };
		218481BD222A6B1A00C22ED0 /* RecentsViewController.swift in Sources */ = {isa = PBXBuildFile; fileRef = 218481BC222A6B1A00C22ED0 /* RecentsViewController.swift */; };
		218481C0222A6D6900C22ED0 /* RecentsTableViewCell.swift in Sources */ = {isa = PBXBuildFile; fileRef = 218481BF222A6D6900C22ED0 /* RecentsTableViewCell.swift */; };
		218CC64B216BF5AB00E6BE20 /* GPSViewController.swift in Sources */ = {isa = PBXBuildFile; fileRef = 218CC64A216BF5AB00E6BE20 /* GPSViewController.swift */; };
		218CC651216C509300E6BE20 /* TabBarViewController.swift in Sources */ = {isa = PBXBuildFile; fileRef = 218CC650216C509300E6BE20 /* TabBarViewController.swift */; };
		218CC653216C59C800E6BE20 /* ProfileViewController.swift in Sources */ = {isa = PBXBuildFile; fileRef = 218CC652216C59C800E6BE20 /* ProfileViewController.swift */; };
		21B55CFC21C4765E0073D406 /* ImageDetailsViewController.swift in Sources */ = {isa = PBXBuildFile; fileRef = 21B55CFB21C4765E0073D406 /* ImageDetailsViewController.swift */; };
		21B55CFE21C47CBF0073D406 /* SeenByViewController.swift in Sources */ = {isa = PBXBuildFile; fileRef = 21B55CFD21C47CBF0073D406 /* SeenByViewController.swift */; };
		21B87856215C0BC400B48CF1 /* AppDelegate.swift in Sources */ = {isa = PBXBuildFile; fileRef = 21B87855215C0BC400B48CF1 /* AppDelegate.swift */; };
		21B8785B215C0BC400B48CF1 /* Main.storyboard in Resources */ = {isa = PBXBuildFile; fileRef = 21B87859215C0BC400B48CF1 /* Main.storyboard */; };
		21B87860215C0BC700B48CF1 /* LaunchScreen.storyboard in Resources */ = {isa = PBXBuildFile; fileRef = 21B8785E215C0BC700B48CF1 /* LaunchScreen.storyboard */; };
		21B8786721646C8700B48CF1 /* Assets.xcassets in Resources */ = {isa = PBXBuildFile; fileRef = 21B8785C215C0BC700B48CF1 /* Assets.xcassets */; };
		21F45B1B2165408C00849617 /* CreateAccountViewController.swift in Sources */ = {isa = PBXBuildFile; fileRef = 21F45B1A2165408C00849617 /* CreateAccountViewController.swift */; };
		21F45B2121654C2800849617 /* InitialViewController.swift in Sources */ = {isa = PBXBuildFile; fileRef = 21F45B2021654C2800849617 /* InitialViewController.swift */; };
		D5969E6F1BB077CA7506826E /* Pods_nottl.framework in Frameworks */ = {isa = PBXBuildFile; fileRef = 49E5FB9FE9CC3AD3837680BA /* Pods_nottl.framework */; };
/* End PBXBuildFile section */

/* Begin PBXFileReference section */
		1FC4DAEFBB76A19C84C4142A /* Pods-nottl.debug.xcconfig */ = {isa = PBXFileReference; includeInIndex = 1; lastKnownFileType = text.xcconfig; name = "Pods-nottl.debug.xcconfig"; path = "Pods/Target Support Files/Pods-nottl/Pods-nottl.debug.xcconfig"; sourceTree = "<group>"; };
		2110318E218EABE500CB99FF /* Note.swift */ = {isa = PBXFileReference; lastKnownFileType = sourcecode.swift; path = Note.swift; sourceTree = "<group>"; };
		2159AC3F21CEE17800C5B564 /* String.swift */ = {isa = PBXFileReference; lastKnownFileType = sourcecode.swift; path = String.swift; sourceTree = "<group>"; };
		2159AC4221CEE53200C5B564 /* GoogleService-Info.plist */ = {isa = PBXFileReference; fileEncoding = 4; lastKnownFileType = text.plist.xml; path = "GoogleService-Info.plist"; sourceTree = "<group>"; };
		2159AC4A21D08AED00C5B564 /* LogInViewController.swift */ = {isa = PBXFileReference; lastKnownFileType = sourcecode.swift; path = LogInViewController.swift; sourceTree = "<group>"; };
		2159AC4C21D0B47B00C5B564 /* FinishedSetupViewController.swift */ = {isa = PBXFileReference; lastKnownFileType = sourcecode.swift; path = FinishedSetupViewController.swift; sourceTree = "<group>"; };
		2159AC4E21D1B38700C5B564 /* DataService.swift */ = {isa = PBXFileReference; lastKnownFileType = sourcecode.swift; path = DataService.swift; sourceTree = "<group>"; };
		2159AC5021DD6F0100C5B564 /* AuthService.swift */ = {isa = PBXFileReference; lastKnownFileType = sourcecode.swift; path = AuthService.swift; sourceTree = "<group>"; };
		2159AC5221DDB6DD00C5B564 /* LogOutViewController.swift */ = {isa = PBXFileReference; lastKnownFileType = sourcecode.swift; path = LogOutViewController.swift; sourceTree = "<group>"; };
		2159AC5421DF4EE100C5B564 /* UIImage.swift */ = {isa = PBXFileReference; lastKnownFileType = sourcecode.swift; path = UIImage.swift; sourceTree = "<group>"; };
		2159AC5621E6B5B700C5B564 /* Double.swift */ = {isa = PBXFileReference; lastKnownFileType = sourcecode.swift; path = Double.swift; sourceTree = "<group>"; };
		2167EC6B222A554300B79DFE /* ProfileViewControllerTableViewCell.swift */ = {isa = PBXFileReference; lastKnownFileType = sourcecode.swift; path = ProfileViewControllerTableViewCell.swift; sourceTree = "<group>"; };
		21789ACB21C105C4005355A1 /* textField.swift */ = {isa = PBXFileReference; lastKnownFileType = sourcecode.swift; path = textField.swift; sourceTree = "<group>"; };
		21789ACF21C11188005355A1 /* NewNoteViewController.swift */ = {isa = PBXFileReference; lastKnownFileType = sourcecode.swift; path = NewNoteViewController.swift; sourceTree = "<group>"; };
		21789AD621C23B8E005355A1 /* NoteAnnotation.swift */ = {isa = PBXFileReference; lastKnownFileType = sourcecode.swift; path = NoteAnnotation.swift; sourceTree = "<group>"; };
		21789AD821C23EE6005355A1 /* NoteAnnotationView.swift */ = {isa = PBXFileReference; lastKnownFileType = sourcecode.swift; path = NoteAnnotationView.swift; sourceTree = "<group>"; };
		21789ADA21C3170F005355A1 /* NoteDetailMapView.xib */ = {isa = PBXFileReference; lastKnownFileType = file.xib; path = NoteDetailMapView.xib; sourceTree = "<group>"; };
		21789ADC21C3177E005355A1 /* NoteDetailMapView.swift */ = {isa = PBXFileReference; lastKnownFileType = sourcecode.swift; path = NoteDetailMapView.swift; sourceTree = "<group>"; };
		218481BA222A65D100C22ED0 /* FavoritesTableViewCell.swift */ = {isa = PBXFileReference; lastKnownFileType = sourcecode.swift; path = FavoritesTableViewCell.swift; sourceTree = "<group>"; };
		218481BC222A6B1A00C22ED0 /* RecentsViewController.swift */ = {isa = PBXFileReference; lastKnownFileType = sourcecode.swift; name = RecentsViewController.swift; path = "nottl/Views+Controllers/TabBarController/Recents view/RecentsViewController.swift"; sourceTree = SOURCE_ROOT; };
		218481BF222A6D6900C22ED0 /* RecentsTableViewCell.swift */ = {isa = PBXFileReference; lastKnownFileType = sourcecode.swift; path = RecentsTableViewCell.swift; sourceTree = "<group>"; };
		218CC64A216BF5AB00E6BE20 /* GPSViewController.swift */ = {isa = PBXFileReference; lastKnownFileType = sourcecode.swift; path = GPSViewController.swift; sourceTree = "<group>"; };
		218CC650216C509300E6BE20 /* TabBarViewController.swift */ = {isa = PBXFileReference; lastKnownFileType = sourcecode.swift; path = TabBarViewController.swift; sourceTree = "<group>"; };
		218CC652216C59C800E6BE20 /* ProfileViewController.swift */ = {isa = PBXFileReference; lastKnownFileType = sourcecode.swift; path = ProfileViewController.swift; sourceTree = "<group>"; };
		21B55CFB21C4765E0073D406 /* ImageDetailsViewController.swift */ = {isa = PBXFileReference; lastKnownFileType = sourcecode.swift; path = ImageDetailsViewController.swift; sourceTree = "<group>"; };
		21B55CFD21C47CBF0073D406 /* SeenByViewController.swift */ = {isa = PBXFileReference; lastKnownFileType = sourcecode.swift; path = SeenByViewController.swift; sourceTree = "<group>"; };
		21B87852215C0BC400B48CF1 /* nottl.app */ = {isa = PBXFileReference; explicitFileType = wrapper.application; includeInIndex = 0; path = nottl.app; sourceTree = BUILT_PRODUCTS_DIR; };
		21B87855215C0BC400B48CF1 /* AppDelegate.swift */ = {isa = PBXFileReference; lastKnownFileType = sourcecode.swift; path = AppDelegate.swift; sourceTree = "<group>"; };
		21B8785A215C0BC400B48CF1 /* Base */ = {isa = PBXFileReference; lastKnownFileType = file.storyboard; name = Base; path = Base.lproj/Main.storyboard; sourceTree = "<group>"; };
		21B8785C215C0BC700B48CF1 /* Assets.xcassets */ = {isa = PBXFileReference; lastKnownFileType = folder.assetcatalog; path = Assets.xcassets; sourceTree = "<group>"; };
		21B8785F215C0BC700B48CF1 /* Base */ = {isa = PBXFileReference; lastKnownFileType = file.storyboard; name = Base; path = Base.lproj/LaunchScreen.storyboard; sourceTree = "<group>"; };
		21B87861215C0BC700B48CF1 /* Info.plist */ = {isa = PBXFileReference; lastKnownFileType = text.plist.xml; path = Info.plist; sourceTree = "<group>"; };
		21F45B1A2165408C00849617 /* CreateAccountViewController.swift */ = {isa = PBXFileReference; lastKnownFileType = sourcecode.swift; path = CreateAccountViewController.swift; sourceTree = "<group>"; };
		21F45B2021654C2800849617 /* InitialViewController.swift */ = {isa = PBXFileReference; lastKnownFileType = sourcecode.swift; path = InitialViewController.swift; sourceTree = "<group>"; };
		3959DF83B69575FE36352FD1 /* Pods-nottl.release.xcconfig */ = {isa = PBXFileReference; includeInIndex = 1; lastKnownFileType = text.xcconfig; name = "Pods-nottl.release.xcconfig"; path = "Pods/Target Support Files/Pods-nottl/Pods-nottl.release.xcconfig"; sourceTree = "<group>"; };
		49E5FB9FE9CC3AD3837680BA /* Pods_nottl.framework */ = {isa = PBXFileReference; explicitFileType = wrapper.framework; includeInIndex = 0; path = Pods_nottl.framework; sourceTree = BUILT_PRODUCTS_DIR; };
/* End PBXFileReference section */

/* Begin PBXFrameworksBuildPhase section */
		21B8784F215C0BC400B48CF1 /* Frameworks */ = {
			isa = PBXFrameworksBuildPhase;
			buildActionMask = 2147483647;
			files = (
				D5969E6F1BB077CA7506826E /* Pods_nottl.framework in Frameworks */,
			);
			runOnlyForDeploymentPostprocessing = 0;
		};
/* End PBXFrameworksBuildPhase section */

/* Begin PBXGroup section */
		2110318D218EABBD00CB99FF /* Model */ = {
			isa = PBXGroup;
			children = (
				21789AD321C1EBA5005355A1 /* GPSMapView Annotations */,
			);
			path = Model;
			sourceTree = "<group>";
		};
		2159AC4121CEE2B300C5B564 /* Services */ = {
			isa = PBXGroup;
			children = (
				2159AC4E21D1B38700C5B564 /* DataService.swift */,
				2159AC5021DD6F0100C5B564 /* AuthService.swift */,
			);
			path = Services;
			sourceTree = "<group>";
		};
		2167EC6A222A549400B79DFE /* Profile view */ = {
			isa = PBXGroup;
			children = (
				218CC652216C59C800E6BE20 /* ProfileViewController.swift */,
				2167EC6B222A554300B79DFE /* ProfileViewControllerTableViewCell.swift */,
				218481BA222A65D100C22ED0 /* FavoritesTableViewCell.swift */,
			);
			path = "Profile view";
			sourceTree = "<group>";
		};
		21789ACD21C1060F005355A1 /* extensions */ = {
			isa = PBXGroup;
			children = (
				21789ACB21C105C4005355A1 /* textField.swift */,
				2159AC3F21CEE17800C5B564 /* String.swift */,
				2159AC5421DF4EE100C5B564 /* UIImage.swift */,
				2159AC5621E6B5B700C5B564 /* Double.swift */,
			);
			path = extensions;
			sourceTree = "<group>";
		};
		21789ACE21C1115F005355A1 /* GPS controller */ = {
			isa = PBXGroup;
			children = (
				21B55CFF21C47DE90073D406 /* Annotations */,
				218CC64A216BF5AB00E6BE20 /* GPSViewController.swift */,
				21789ACF21C11188005355A1 /* NewNoteViewController.swift */,
			);
			path = "GPS controller";
			sourceTree = "<group>";
		};
		21789AD321C1EBA5005355A1 /* GPSMapView Annotations */ = {
			isa = PBXGroup;
			children = (
				2110318E218EABE500CB99FF /* Note.swift */,
				21789AD621C23B8E005355A1 /* NoteAnnotation.swift */,
				21789AD821C23EE6005355A1 /* NoteAnnotationView.swift */,
			);
			path = "GPSMapView Annotations";
			sourceTree = "<group>";
		};
		218481BE222A6D3400C22ED0 /* Recents view */ = {
			isa = PBXGroup;
			children = (
				218481BC222A6B1A00C22ED0 /* RecentsViewController.swift */,
				218481BF222A6D6900C22ED0 /* RecentsTableViewCell.swift */,
			);
			path = "Recents view";
			sourceTree = "<group>";
		};
		218CC64E216C4D6E00E6BE20 /* Setup Pages */ = {
			isa = PBXGroup;
			children = (
				21F45B2021654C2800849617 /* InitialViewController.swift */,
				21F45B1A2165408C00849617 /* CreateAccountViewController.swift */,
				2159AC4A21D08AED00C5B564 /* LogInViewController.swift */,
				2159AC4C21D0B47B00C5B564 /* FinishedSetupViewController.swift */,
			);
			path = "Setup Pages";
			sourceTree = "<group>";
		};
		218CC64F216C4D8900E6BE20 /* TabBarController */ = {
			isa = PBXGroup;
			children = (
				218481BE222A6D3400C22ED0 /* Recents view */,
				218CC650216C509300E6BE20 /* TabBarViewController.swift */,
				21789ACE21C1115F005355A1 /* GPS controller */,
				2167EC6A222A549400B79DFE /* Profile view */,
				2159AC5221DDB6DD00C5B564 /* LogOutViewController.swift */,
			);
			path = TabBarController;
			sourceTree = "<group>";
		};
		21B55CFF21C47DE90073D406 /* Annotations */ = {
			isa = PBXGroup;
			children = (
				21789ADA21C3170F005355A1 /* NoteDetailMapView.xib */,
				21789ADC21C3177E005355A1 /* NoteDetailMapView.swift */,
				21B55CFD21C47CBF0073D406 /* SeenByViewController.swift */,
				21B55CFB21C4765E0073D406 /* ImageDetailsViewController.swift */,
			);
			path = Annotations;
			sourceTree = "<group>";
		};
		21B55D0021C47E350073D406 /* Storyboard */ = {
			isa = PBXGroup;
			children = (
				21B87859215C0BC400B48CF1 /* Main.storyboard */,
				21B8785E215C0BC700B48CF1 /* LaunchScreen.storyboard */,
			);
			path = Storyboard;
			sourceTree = "<group>";
		};
		21B55D0121C47EA30073D406 /* Resources */ = {
			isa = PBXGroup;
			children = (
				21B87855215C0BC400B48CF1 /* AppDelegate.swift */,
				21B8785C215C0BC700B48CF1 /* Assets.xcassets */,
			);
			path = Resources;
			sourceTree = "<group>";
		};
		21B87849215C0BC400B48CF1 = {
			isa = PBXGroup;
			children = (
				21B87854215C0BC400B48CF1 /* nottl */,
				21B87853215C0BC400B48CF1 /* Products */,
				DAA881175D8571D8657AFC67 /* Pods */,
				2AB6C11A6377AAD79CB88A29 /* Frameworks */,
			);
			sourceTree = "<group>";
		};
		21B87853215C0BC400B48CF1 /* Products */ = {
			isa = PBXGroup;
			children = (
				21B87852215C0BC400B48CF1 /* nottl.app */,
			);
			name = Products;
			sourceTree = "<group>";
		};
		21B87854215C0BC400B48CF1 /* nottl */ = {
			isa = PBXGroup;
			children = (
				2159AC4121CEE2B300C5B564 /* Services */,
				2110318D218EABBD00CB99FF /* Model */,
				21F45B222166948B00849617 /* Views+Controllers */,
				21B55D0021C47E350073D406 /* Storyboard */,
				21B55D0121C47EA30073D406 /* Resources */,
				21789ACD21C1060F005355A1 /* extensions */,
				2159AC4221CEE53200C5B564 /* GoogleService-Info.plist */,
				21B87861215C0BC700B48CF1 /* Info.plist */,
			);
			path = nottl;
			sourceTree = "<group>";
		};
		21F45B222166948B00849617 /* Views+Controllers */ = {
			isa = PBXGroup;
			children = (
				218CC64E216C4D6E00E6BE20 /* Setup Pages */,
				218CC64F216C4D8900E6BE20 /* TabBarController */,
			);
			path = "Views+Controllers";
			sourceTree = "<group>";
		};
		2AB6C11A6377AAD79CB88A29 /* Frameworks */ = {
			isa = PBXGroup;
			children = (
				49E5FB9FE9CC3AD3837680BA /* Pods_nottl.framework */,
			);
			name = Frameworks;
			sourceTree = "<group>";
		};
		DAA881175D8571D8657AFC67 /* Pods */ = {
			isa = PBXGroup;
			children = (
				1FC4DAEFBB76A19C84C4142A /* Pods-nottl.debug.xcconfig */,
				3959DF83B69575FE36352FD1 /* Pods-nottl.release.xcconfig */,
			);
			name = Pods;
			sourceTree = "<group>";
		};
/* End PBXGroup section */

/* Begin PBXNativeTarget section */
		21B87851215C0BC400B48CF1 /* nottl */ = {
			isa = PBXNativeTarget;
			buildConfigurationList = 21B87864215C0BC700B48CF1 /* Build configuration list for PBXNativeTarget "nottl" */;
			buildPhases = (
				2F23CF76F0FF4425B0DB5A45 /* [CP] Check Pods Manifest.lock */,
				21B8784E215C0BC400B48CF1 /* Sources */,
				21B8784F215C0BC400B48CF1 /* Frameworks */,
				21B87850215C0BC400B48CF1 /* Resources */,
				808CD3A3C54AD4632965CC1F /* [CP] Embed Pods Frameworks */,
			);
			buildRules = (
			);
			dependencies = (
			);
			name = nottl;
			productName = Nottl;
			productReference = 21B87852215C0BC400B48CF1 /* nottl.app */;
			productType = "com.apple.product-type.application";
		};
/* End PBXNativeTarget section */

/* Begin PBXProject section */
		21B8784A215C0BC400B48CF1 /* Project object */ = {
			isa = PBXProject;
			attributes = {
				LastSwiftUpdateCheck = 1000;
				LastUpgradeCheck = 1000;
				ORGANIZATIONNAME = "Craig Mathieson";
				TargetAttributes = {
					21B87851215C0BC400B48CF1 = {
						CreatedOnToolsVersion = 10.0;
					};
				};
			};
			buildConfigurationList = 21B8784D215C0BC400B48CF1 /* Build configuration list for PBXProject "nottl" */;
			compatibilityVersion = "Xcode 9.3";
			developmentRegion = en;
			hasScannedForEncodings = 0;
			knownRegions = (
				en,
				Base,
			);
			mainGroup = 21B87849215C0BC400B48CF1;
			productRefGroup = 21B87853215C0BC400B48CF1 /* Products */;
			projectDirPath = "";
			projectRoot = "";
			targets = (
				21B87851215C0BC400B48CF1 /* nottl */,
			);
		};
/* End PBXProject section */

/* Begin PBXResourcesBuildPhase section */
		21B87850215C0BC400B48CF1 /* Resources */ = {
			isa = PBXResourcesBuildPhase;
			buildActionMask = 2147483647;
			files = (
				21789ADB21C3170F005355A1 /* NoteDetailMapView.xib in Resources */,
				21B87860215C0BC700B48CF1 /* LaunchScreen.storyboard in Resources */,
				2159AC4321CEE53200C5B564 /* GoogleService-Info.plist in Resources */,
				21B8786721646C8700B48CF1 /* Assets.xcassets in Resources */,
				21B8785B215C0BC400B48CF1 /* Main.storyboard in Resources */,
			);
			runOnlyForDeploymentPostprocessing = 0;
		};
/* End PBXResourcesBuildPhase section */

/* Begin PBXShellScriptBuildPhase section */
		2F23CF76F0FF4425B0DB5A45 /* [CP] Check Pods Manifest.lock */ = {
			isa = PBXShellScriptBuildPhase;
			buildActionMask = 2147483647;
			files = (
			);
			inputPaths = (
				"${PODS_PODFILE_DIR_PATH}/Podfile.lock",
				"${PODS_ROOT}/Manifest.lock",
			);
			name = "[CP] Check Pods Manifest.lock";
			outputPaths = (
				"$(DERIVED_FILE_DIR)/Pods-nottl-checkManifestLockResult.txt",
			);
			runOnlyForDeploymentPostprocessing = 0;
			shellPath = /bin/sh;
			shellScript = "diff \"${PODS_PODFILE_DIR_PATH}/Podfile.lock\" \"${PODS_ROOT}/Manifest.lock\" > /dev/null\nif [ $? != 0 ] ; then\n    # print error to STDERR\n    echo \"error: The sandbox is not in sync with the Podfile.lock. Run 'pod install' or update your CocoaPods installation.\" >&2\n    exit 1\nfi\n# This output is used by Xcode 'outputs' to avoid re-running this script phase.\necho \"SUCCESS\" > \"${SCRIPT_OUTPUT_FILE_0}\"\n";
			showEnvVarsInLog = 0;
		};
		808CD3A3C54AD4632965CC1F /* [CP] Embed Pods Frameworks */ = {
			isa = PBXShellScriptBuildPhase;
			buildActionMask = 2147483647;
			files = (
			);
			inputPaths = (
				"${SRCROOT}/Pods/Target Support Files/Pods-nottl/Pods-nottl-frameworks.sh",
				"${BUILT_PRODUCTS_DIR}/GTMSessionFetcher/GTMSessionFetcher.framework",
				"${BUILT_PRODUCTS_DIR}/GoogleUtilities/GoogleUtilities.framework",
				"${BUILT_PRODUCTS_DIR}/RSKImageCropper/RSKImageCropper.framework",
				"${BUILT_PRODUCTS_DIR}/leveldb-library/leveldb.framework",
				"${BUILT_PRODUCTS_DIR}/nanopb/nanopb.framework",
			);
			name = "[CP] Embed Pods Frameworks";
			outputPaths = (
				"${TARGET_BUILD_DIR}/${FRAMEWORKS_FOLDER_PATH}/GTMSessionFetcher.framework",
				"${TARGET_BUILD_DIR}/${FRAMEWORKS_FOLDER_PATH}/GoogleUtilities.framework",
				"${TARGET_BUILD_DIR}/${FRAMEWORKS_FOLDER_PATH}/RSKImageCropper.framework",
				"${TARGET_BUILD_DIR}/${FRAMEWORKS_FOLDER_PATH}/leveldb.framework",
				"${TARGET_BUILD_DIR}/${FRAMEWORKS_FOLDER_PATH}/nanopb.framework",
			);
			runOnlyForDeploymentPostprocessing = 0;
			shellPath = /bin/sh;
			shellScript = "\"${SRCROOT}/Pods/Target Support Files/Pods-nottl/Pods-nottl-frameworks.sh\"\n";
			showEnvVarsInLog = 0;
		};
/* End PBXShellScriptBuildPhase section */

/* Begin PBXSourcesBuildPhase section */
		21B8784E215C0BC400B48CF1 /* Sources */ = {
			isa = PBXSourcesBuildPhase;
			buildActionMask = 2147483647;
			files = (
				218481BD222A6B1A00C22ED0 /* RecentsViewController.swift in Sources */,
				21789ACC21C105C4005355A1 /* textField.swift in Sources */,
				2159AC5521DF4EE100C5B564 /* UIImage.swift in Sources */,
				218CC64B216BF5AB00E6BE20 /* GPSViewController.swift in Sources */,
				2159AC4B21D08AED00C5B564 /* LogInViewController.swift in Sources */,
				2159AC4D21D0B47B00C5B564 /* FinishedSetupViewController.swift in Sources */,
				21F45B1B2165408C00849617 /* CreateAccountViewController.swift in Sources */,
				2110318F218EABE500CB99FF /* Note.swift in Sources */,
				2159AC5321DDB6DD00C5B564 /* LogOutViewController.swift in Sources */,
				21B87856215C0BC400B48CF1 /* AppDelegate.swift in Sources */,
				2159AC5121DD6F0100C5B564 /* AuthService.swift in Sources */,
				21789AD921C23EE6005355A1 /* NoteAnnotationView.swift in Sources */,
				2159AC5721E6B5B700C5B564 /* Double.swift in Sources */,
				218CC653216C59C800E6BE20 /* ProfileViewController.swift in Sources */,
				218481BB222A65D100C22ED0 /* FavoritesTableViewCell.swift in Sources */,
				218CC651216C509300E6BE20 /* TabBarViewController.swift in Sources */,
				21B55CFC21C4765E0073D406 /* ImageDetailsViewController.swift in Sources */,
				21B55CFE21C47CBF0073D406 /* SeenByViewController.swift in Sources */,
				2159AC4021CEE17800C5B564 /* String.swift in Sources */,
				21789AD021C11188005355A1 /* NewNoteViewController.swift in Sources */,
				218481C0222A6D6900C22ED0 /* RecentsTableViewCell.swift in Sources */,
				21F45B2121654C2800849617 /* InitialViewController.swift in Sources */,
				2167EC6C222A554300B79DFE /* ProfileViewControllerTableViewCell.swift in Sources */,
				21789ADD21C3177E005355A1 /* NoteDetailMapView.swift in Sources */,
				21789AD721C23B8E005355A1 /* NoteAnnotation.swift in Sources */,
				2159AC4F21D1B38700C5B564 /* DataService.swift in Sources */,
			);
			runOnlyForDeploymentPostprocessing = 0;
		};
/* End PBXSourcesBuildPhase section */

/* Begin PBXVariantGroup section */
		21B87859215C0BC400B48CF1 /* Main.storyboard */ = {
			isa = PBXVariantGroup;
			children = (
				21B8785A215C0BC400B48CF1 /* Base */,
			);
			name = Main.storyboard;
			sourceTree = "<group>";
		};
		21B8785E215C0BC700B48CF1 /* LaunchScreen.storyboard */ = {
			isa = PBXVariantGroup;
			children = (
				21B8785F215C0BC700B48CF1 /* Base */,
			);
			name = LaunchScreen.storyboard;
			sourceTree = "<group>";
		};
/* End PBXVariantGroup section */

/* Begin XCBuildConfiguration section */
		21B87862215C0BC700B48CF1 /* Debug */ = {
			isa = XCBuildConfiguration;
			buildSettings = {
				ALWAYS_SEARCH_USER_PATHS = NO;
				CLANG_ANALYZER_NONNULL = YES;
				CLANG_ANALYZER_NUMBER_OBJECT_CONVERSION = YES_AGGRESSIVE;
				CLANG_CXX_LANGUAGE_STANDARD = "gnu++14";
				CLANG_CXX_LIBRARY = "libc++";
				CLANG_ENABLE_MODULES = YES;
				CLANG_ENABLE_OBJC_ARC = YES;
				CLANG_ENABLE_OBJC_WEAK = YES;
				CLANG_WARN_BLOCK_CAPTURE_AUTORELEASING = YES;
				CLANG_WARN_BOOL_CONVERSION = YES;
				CLANG_WARN_COMMA = YES;
				CLANG_WARN_CONSTANT_CONVERSION = YES;
				CLANG_WARN_DEPRECATED_OBJC_IMPLEMENTATIONS = YES;
				CLANG_WARN_DIRECT_OBJC_ISA_USAGE = YES_ERROR;
				CLANG_WARN_DOCUMENTATION_COMMENTS = YES;
				CLANG_WARN_EMPTY_BODY = YES;
				CLANG_WARN_ENUM_CONVERSION = YES;
				CLANG_WARN_INFINITE_RECURSION = YES;
				CLANG_WARN_INT_CONVERSION = YES;
				CLANG_WARN_NON_LITERAL_NULL_CONVERSION = YES;
				CLANG_WARN_OBJC_IMPLICIT_RETAIN_SELF = YES;
				CLANG_WARN_OBJC_LITERAL_CONVERSION = YES;
				CLANG_WARN_OBJC_ROOT_CLASS = YES_ERROR;
				CLANG_WARN_RANGE_LOOP_ANALYSIS = YES;
				CLANG_WARN_STRICT_PROTOTYPES = YES;
				CLANG_WARN_SUSPICIOUS_MOVE = YES;
				CLANG_WARN_UNGUARDED_AVAILABILITY = YES_AGGRESSIVE;
				CLANG_WARN_UNREACHABLE_CODE = YES;
				CLANG_WARN__DUPLICATE_METHOD_MATCH = YES;
				CODE_SIGN_IDENTITY = "iPhone Developer";
				COPY_PHASE_STRIP = NO;
				DEBUG_INFORMATION_FORMAT = dwarf;
				ENABLE_STRICT_OBJC_MSGSEND = YES;
				ENABLE_TESTABILITY = YES;
				GCC_C_LANGUAGE_STANDARD = gnu11;
				GCC_DYNAMIC_NO_PIC = NO;
				GCC_NO_COMMON_BLOCKS = YES;
				GCC_OPTIMIZATION_LEVEL = 0;
				GCC_PREPROCESSOR_DEFINITIONS = (
					"DEBUG=1",
					"$(inherited)",
				);
				GCC_WARN_64_TO_32_BIT_CONVERSION = YES;
				GCC_WARN_ABOUT_RETURN_TYPE = YES_ERROR;
				GCC_WARN_UNDECLARED_SELECTOR = YES;
				GCC_WARN_UNINITIALIZED_AUTOS = YES_AGGRESSIVE;
				GCC_WARN_UNUSED_FUNCTION = YES;
				GCC_WARN_UNUSED_VARIABLE = YES;
				IPHONEOS_DEPLOYMENT_TARGET = 12.0;
				MTL_ENABLE_DEBUG_INFO = INCLUDE_SOURCE;
				MTL_FAST_MATH = YES;
				ONLY_ACTIVE_ARCH = YES;
				SDKROOT = iphoneos;
				SWIFT_ACTIVE_COMPILATION_CONDITIONS = DEBUG;
				SWIFT_OPTIMIZATION_LEVEL = "-Onone";
			};
			name = Debug;
		};
		21B87863215C0BC700B48CF1 /* Release */ = {
			isa = XCBuildConfiguration;
			buildSettings = {
				ALWAYS_SEARCH_USER_PATHS = NO;
				CLANG_ANALYZER_NONNULL = YES;
				CLANG_ANALYZER_NUMBER_OBJECT_CONVERSION = YES_AGGRESSIVE;
				CLANG_CXX_LANGUAGE_STANDARD = "gnu++14";
				CLANG_CXX_LIBRARY = "libc++";
				CLANG_ENABLE_MODULES = YES;
				CLANG_ENABLE_OBJC_ARC = YES;
				CLANG_ENABLE_OBJC_WEAK = YES;
				CLANG_WARN_BLOCK_CAPTURE_AUTORELEASING = YES;
				CLANG_WARN_BOOL_CONVERSION = YES;
				CLANG_WARN_COMMA = YES;
				CLANG_WARN_CONSTANT_CONVERSION = YES;
				CLANG_WARN_DEPRECATED_OBJC_IMPLEMENTATIONS = YES;
				CLANG_WARN_DIRECT_OBJC_ISA_USAGE = YES_ERROR;
				CLANG_WARN_DOCUMENTATION_COMMENTS = YES;
				CLANG_WARN_EMPTY_BODY = YES;
				CLANG_WARN_ENUM_CONVERSION = YES;
				CLANG_WARN_INFINITE_RECURSION = YES;
				CLANG_WARN_INT_CONVERSION = YES;
				CLANG_WARN_NON_LITERAL_NULL_CONVERSION = YES;
				CLANG_WARN_OBJC_IMPLICIT_RETAIN_SELF = YES;
				CLANG_WARN_OBJC_LITERAL_CONVERSION = YES;
				CLANG_WARN_OBJC_ROOT_CLASS = YES_ERROR;
				CLANG_WARN_RANGE_LOOP_ANALYSIS = YES;
				CLANG_WARN_STRICT_PROTOTYPES = YES;
				CLANG_WARN_SUSPICIOUS_MOVE = YES;
				CLANG_WARN_UNGUARDED_AVAILABILITY = YES_AGGRESSIVE;
				CLANG_WARN_UNREACHABLE_CODE = YES;
				CLANG_WARN__DUPLICATE_METHOD_MATCH = YES;
				CODE_SIGN_IDENTITY = "iPhone Developer";
				COPY_PHASE_STRIP = NO;
				DEBUG_INFORMATION_FORMAT = "dwarf-with-dsym";
				ENABLE_NS_ASSERTIONS = NO;
				ENABLE_STRICT_OBJC_MSGSEND = YES;
				GCC_C_LANGUAGE_STANDARD = gnu11;
				GCC_NO_COMMON_BLOCKS = YES;
				GCC_WARN_64_TO_32_BIT_CONVERSION = YES;
				GCC_WARN_ABOUT_RETURN_TYPE = YES_ERROR;
				GCC_WARN_UNDECLARED_SELECTOR = YES;
				GCC_WARN_UNINITIALIZED_AUTOS = YES_AGGRESSIVE;
				GCC_WARN_UNUSED_FUNCTION = YES;
				GCC_WARN_UNUSED_VARIABLE = YES;
				IPHONEOS_DEPLOYMENT_TARGET = 12.0;
				MTL_ENABLE_DEBUG_INFO = NO;
				MTL_FAST_MATH = YES;
				SDKROOT = iphoneos;
				SWIFT_COMPILATION_MODE = wholemodule;
				SWIFT_OPTIMIZATION_LEVEL = "-O";
				VALIDATE_PRODUCT = YES;
			};
			name = Release;
		};
		21B87865215C0BC700B48CF1 /* Debug */ = {
			isa = XCBuildConfiguration;
			baseConfigurationReference = 1FC4DAEFBB76A19C84C4142A /* Pods-nottl.debug.xcconfig */;
			buildSettings = {
				ASSETCATALOG_COMPILER_APPICON_NAME = AppIcon;
				CODE_SIGN_STYLE = Automatic;
				DEVELOPMENT_TEAM = 9H993U7TV2;
				INFOPLIST_FILE = Nottl/Info.plist;
				LD_RUNPATH_SEARCH_PATHS = (
					"$(inherited)",
					"@executable_path/Frameworks",
				);
				PRODUCT_BUNDLE_IDENTIFIER = com.craigm.Nottl;
				PRODUCT_NAME = "$(TARGET_NAME)";
				SWIFT_OBJC_BRIDGING_HEADER = "/Users/craigmathieson/Desktop/Nottl/nottl-Bridging-Header.h";
				SWIFT_VERSION = 4.2;
				TARGETED_DEVICE_FAMILY = 1;
			};
			name = Debug;
		};
		21B87866215C0BC700B48CF1 /* Release */ = {
			isa = XCBuildConfiguration;
			baseConfigurationReference = 3959DF83B69575FE36352FD1 /* Pods-nottl.release.xcconfig */;
			buildSettings = {
				ASSETCATALOG_COMPILER_APPICON_NAME = AppIcon;
				CODE_SIGN_STYLE = Automatic;
				DEVELOPMENT_TEAM = 9H993U7TV2;
				INFOPLIST_FILE = Nottl/Info.plist;
				LD_RUNPATH_SEARCH_PATHS = (
					"$(inherited)",
					"@executable_path/Frameworks",
				);
				PRODUCT_BUNDLE_IDENTIFIER = com.craigm.Nottl;
				PRODUCT_NAME = "$(TARGET_NAME)";
				SWIFT_OBJC_BRIDGING_HEADER = "/Users/craigmathieson/Desktop/Nottl/nottl-Bridging-Header.h";
				SWIFT_VERSION = 4.2;
				TARGETED_DEVICE_FAMILY = 1;
			};
			name = Release;
		};
/* End XCBuildConfiguration section */

/* Begin XCConfigurationList section */
		21B8784D215C0BC400B48CF1 /* Build configuration list for PBXProject "nottl" */ = {
			isa = XCConfigurationList;
			buildConfigurations = (
				21B87862215C0BC700B48CF1 /* Debug */,
				21B87863215C0BC700B48CF1 /* Release */,
			);
			defaultConfigurationIsVisible = 0;
			defaultConfigurationName = Release;
		};
		21B87864215C0BC700B48CF1 /* Build configuration list for PBXNativeTarget "nottl" */ = {
			isa = XCConfigurationList;
			buildConfigurations = (
				21B87865215C0BC700B48CF1 /* Debug */,
				21B87866215C0BC700B48CF1 /* Release */,
			);
			defaultConfigurationIsVisible = 0;
			defaultConfigurationName = Release;
		};
/* End XCConfigurationList section */
	};
	rootObject = 21B8784A215C0BC400B48CF1 /* Project object */;
}
